dependencies:
- name: openfga
  repository: https://openfga.github.io/helm-charts
  version: 0.2.49
- name: postgresql
  repository: https://charts.bitnami.com/bitnami
  version: 18.1.11
- name: redis
  repository: https://charts.bitnami.com/bitnami
  version: 24.0.0
- name: keycloak
  repository: https://charts.bitnami.com/bitnami
  version: 25.2.0
- name: grafana
  repository: https://charts.bitnami.com/bitnami
  version: 12.1.8
- name: jaeger
  repository: https://jaegertracing.github.io/helm-charts
  version: 3.4.1
- name: kube-prometheus-stack
  repository: https://prometheus-community.github.io/helm-charts
  version: 79.9.0
digest: sha256:3cedac2bb2972d407e6212f4a2ddddfee0b5ca2a8b47278e7872d44264821728
generated: "2025-11-29T13:59:16.737911995-05:00"
