dependencies:
- name: openfga
  repository: https://openfga.github.io/helm-charts
  version: 0.2.12
- name: postgresql
  repository: https://charts.bitnami.com/bitnami
  version: 16.6.2
- name: redis
  repository: https://charts.bitnami.com/bitnami
  version: 20.6.2
- name: keycloak
  repository: https://charts.bitnami.com/bitnami
  version: 24.2.2
- name: grafana
  repository: https://charts.bitnami.com/bitnami
  version: 12.1.8
- name: jaeger
  repository: https://jaegertracing.github.io/helm-charts
  version: 3.4.1
- name: kube-prometheus-stack
  repository: https://prometheus-community.github.io/helm-charts
  version: 78.3.2
digest: sha256:5722144a7874913a556b1d00669b1dfcd0da2e78a51716f1238ccfd95acd71f8
generated: "2025-10-21T01:51:03.073168711-04:00"
